PODS:
  - Capacitor (3.2.3):
    - CapacitorCordova
  - CapacitorCordova (3.2.3)
  - PushNotifications (4.0.0)

DEPENDENCIES:
  - "Capacitor (from `../node_modules/@capacitor/ios`)"
  - "CapacitorCordova (from `../node_modules/@capacitor/ios`)"
  - PushNotifications

SPEC REPOS:
  trunk:
    - PushNotifications

EXTERNAL SOURCES:
  Capacitor:
    :path: "../node_modules/@capacitor/ios"
  CapacitorCordova:
    :path: "../node_modules/@capacitor/ios"

SPEC CHECKSUMS:
  Capacitor: 525175245027732c4f9bc7c5209176c1acef854a
  CapacitorCordova: e571f22d5672cea00d703d82eafb09adf257980d
  PushNotifications: 2b2174b28bf48b1fe552686d1f95c53d62a4781d

PODFILE CHECKSUM: 6a04e19d28c38875e5acf8410083c49bed035055

COCOAPODS: 1.11.2
